
Microsoft Visual Studio Solution File, Format Version 12.00
# Visual Studio Version 16
VisualStudioVersion = 16.0.29215.179
MinimumVisualStudioVersion = 10.0.40219.1
Project("{FAE04EC0-301F-11D3-BF4B-00C04F79EFBC}") = "AppLoops", "AppLoops\AppLoops.csproj", "{27846018-48C6-45B1-BDF8-361E846C32D3}"
EndProject
Global
	GlobalSection(SolutionConfigurationPlatforms) = preSolution
		Debug|Any CPU = Debug|Any CPU
		Release|Any CPU = Release|Any CPU
	EndGlobalSection
	GlobalSection(ProjectConfigurationPlatforms) = postSolution
		{27846018-48C6-45B1-BDF8-361E846C32D3}.Debug|Any CPU.ActiveCfg = Debug|Any CPU
		{27846018-48C6-45B1-BDF8-361E846C32D3}.Debug|Any CPU.Build.0 = Debug|Any CPU
		{27846018-48C6-45B1-BDF8-361E846C32D3}.Release|Any CPU.ActiveCfg = Release|Any CPU
		{27846018-48C6-45B1-BDF8-361E846C32D3}.Release|Any CPU.Build.0 = Release|Any CPU
	EndGlobalSection
	GlobalSection(SolutionProperties) = preSolution
		HideSolutionNode = FALSE
	EndGlobalSection
	GlobalSection(ExtensibilityGlobals) = postSolution
		SolutionGuid = {7072E5A7-9772-4C4A-ACC9-22B650CCA65F}
	EndGlobalSection
EndGlobal
